<?xml version="1.0" encoding="UTF-8" standalone="yes" ?>
<CodeBlocks_project_file>
	<FileVersion major="1" minor="6" />
	<Project>
		<Option title="parserTester" />
		<Option pch_mode="2" />
		<Option compiler="gcc" />
		<Build>
			<Target title="Debug">
				<Option output="bin\Debug\parserTester" prefix_auto="1" extension_auto="1" />
				<Option object_output="obj\Debug\" />
				<Option type="1" />
				<Option compiler="gcc" />
				<Compiler>
					<Add option="-g" />
				</Compiler>
			</Target>
			<Target title="Release">
				<Option output="bin\Release\parserTester" prefix_auto="1" extension_auto="1" />
				<Option object_output="obj\Release\" />
				<Option type="1" />
				<Option compiler="gcc" />
				<Compiler>
					<Add option="-O2" />
				</Compiler>
				<Linker>
					<Add option="-s" />
				</Linker>
			</Target>
			<Target title="ExpressionDebug">
				<Option output="bin\Debug\expression" prefix_auto="1" extension_auto="1" />
				<Option object_output="obj\Debug\" />
				<Option type="1" />
				<Option compiler="gcc" />
				<Compiler>
					<Add option="-g" />
				</Compiler>
			</Target>
			<Target title="GUITester">
				<Option output="bin\ccguitest" prefix_auto="1" extension_auto="1" />
				<Option type="0" />
				<Option compiler="gcc" />
				<Compiler>
					<Add option="-Wall" />
					<Add option="-g" />
					<Add option="-pipe" />
					<Add option="-mthreads" />
					<Add option="-fexceptions" />
					<Add option='[[if (PLATFORM == PLATFORM_MSW &amp;&amp; (GetCompilerFactory().GetCompilerVersionString(_T(&quot;gcc&quot;)) &gt;= _T(&quot;4.0.0&quot;))) print(_T(&quot;-Wno-attributes&quot;));]]' />
					<Add option="-Winvalid-pch" />
					<Add option="-include wx_pch.h" />
					<Add option="-D__GNUWIN32__" />
					<Add option="-D__WXMSW__" />
					<Add option="-DWXUSINGDLL" />
					<Add option="-DwxUSE_UNICODE" />
					<Add option="-DWX_PRECOMP" />
					<Add option="-DCC_PARSER_TEST" />
					<Add directory="$(#wx)\include" />
					<Add directory="$(#wx)\contrib\include" />
					<Add directory="$(#wx)\lib\gcc_dll\mswu" />
				</Compiler>
				<ResourceCompiler>
					<Add directory="$(#wx)\include" />
				</ResourceCompiler>
				<Linker>
					<Add library="libwxmsw28u.a" />
					<Add directory="$(#wx.lib)\gcc_dll" />
				</Linker>
			</Target>
			<Target title="preprocessor test">
				<Option output="bin\Debug\pptest" prefix_auto="1" extension_auto="1" />
				<Option object_output="obj\Debug\" />
				<Option type="1" />
				<Option compiler="gcc" />
				<Compiler>
					<Add option="-g" />
				</Compiler>
			</Target>
		</Build>
		<Compiler>
			<Add option="-Wall" />
			<Add option="-fexceptions" />
			<Add option="-DQUEX_SETTING_BUFFER_SIZE=0" />
			<Add option="-DQUEX_SETTING_BUFFER_MIN_FALLBACK_N=0" />
			<Add option="-DQUEX_TYPE_CHARACTER=char" />
			<Add option="-DQUEX_OPTION_TERMINATION_ZERO_DISABLED" />
			<Add directory="cppparser\lexer" />
		</Compiler>
		<Unit filename="app.cpp">
			<Option target="GUITester" />
		</Unit>
		<Unit filename="cppparser\ConstExpression.cpp">
			<Option target="Debug" />
			<Option target="Release" />
			<Option target="ExpressionDebug" />
		</Unit>
		<Unit filename="cppparser\ConstExpression.h">
			<Option target="Debug" />
			<Option target="Release" />
			<Option target="ExpressionDebug" />
		</Unit>
		<Unit filename="cppparser\cchelper.h">
			<Option target="Debug" />
			<Option target="Release" />
			<Option target="preprocessor test" />
		</Unit>
		<Unit filename="cppparser\expression_eval.cpp">
			<Option target="ExpressionDebug" />
		</Unit>
		<Unit filename="cppparser\expression_main.cpp">
			<Option target="ExpressionDebug" />
		</Unit>
		<Unit filename="cppparser\expressionevaluator.cpp">
			<Option target="preprocessor test" />
		</Unit>
		<Unit filename="cppparser\expressionevaluator.h">
			<Option target="preprocessor test" />
		</Unit>
		<Unit filename="cppparser\lexer\tiny_lexer.cpp">
			<Option target="Debug" />
			<Option target="Release" />
			<Option target="ExpressionDebug" />
			<Option target="preprocessor test" />
		</Unit>
		<Unit filename="cppparser\parserthread.cpp">
			<Option target="Debug" />
			<Option target="Release" />
			<Option target="preprocessor test" />
		</Unit>
		<Unit filename="cppparser\parserthread.h">
			<Option target="Debug" />
			<Option target="Release" />
			<Option target="preprocessor test" />
		</Unit>
		<Unit filename="cppparser\preprocessor.cpp">
			<Option target="Debug" />
			<Option target="Release" />
			<Option target="preprocessor test" />
		</Unit>
		<Unit filename="cppparser\preprocessor.h">
			<Option target="Debug" />
			<Option target="Release" />
			<Option target="preprocessor test" />
		</Unit>
		<Unit filename="cppparser\preprocessor_test.cpp">
			<Option target="preprocessor test" />
		</Unit>
		<Unit filename="cppparser\searchtree.cpp">
			<Option target="Debug" />
			<Option target="Release" />
			<Option target="preprocessor test" />
		</Unit>
		<Unit filename="cppparser\searchtree.h">
			<Option target="Debug" />
			<Option target="Release" />
			<Option target="preprocessor test" />
		</Unit>
		<Unit filename="cppparser\token.cpp">
			<Option target="Debug" />
			<Option target="Release" />
			<Option target="preprocessor test" />
		</Unit>
		<Unit filename="cppparser\token.h">
			<Option target="Debug" />
			<Option target="Release" />
			<Option target="preprocessor test" />
		</Unit>
		<Unit filename="cppparser\tokenizer.cpp">
			<Option target="Debug" />
			<Option target="Release" />
			<Option target="preprocessor test" />
		</Unit>
		<Unit filename="cppparser\tokenizer.h">
			<Option target="Debug" />
			<Option target="Release" />
			<Option target="preprocessor test" />
		</Unit>
		<Unit filename="frame.cpp">
			<Option target="GUITester" />
		</Unit>
		<Unit filename="frame.h">
			<Option target="GUITester" />
		</Unit>
		<Unit filename="main.cpp">
			<Option target="Debug" />
			<Option target="Release" />
		</Unit>
		<Unit filename="resource.rc">
			<Option compilerVar="WINDRES" />
			<Option target="GUITester" />
		</Unit>
		<Unit filename="wx_pch.h">
			<Option compile="1" />
			<Option weight="0" />
			<Option target="GUITester" />
		</Unit>
		<Unit filename="wxsmith\Frame.wxs">
			<Option target="GUITester" />
		</Unit>
		<Extensions>
			<code_completion />
			<envvars />
			<debugger />
			<lib_finder disable_auto="1" />
			<DoxyBlocks>
				<comment_style block="0" line="0" />
				<doxyfile_project />
				<doxyfile_build />
				<doxyfile_warnings />
				<doxyfile_output />
				<doxyfile_dot />
				<general />
			</DoxyBlocks>
			<wxsmith version="1">
				<gui name="wxWidgets" src="app.cpp" main="-- None --" init_handlers="necessary" language="CPP">
					<load_resource file="resource.rc" />
				</gui>
			</wxsmith>
		</Extensions>
	</Project>
</CodeBlocks_project_file>
