<?xml version="1.0" encoding="UTF-8" standalone="yes" ?>
<CodeBlocks_project_file>
	<FileVersion major="1" minor="6" />
	<Project>
		<Option title="parser" />
		<Option pch_mode="2" />
		<Option compiler="gcc" />
		<Build>
			<Target title="parser">
				<Option output="bin\Debug\parser" prefix_auto="1" extension_auto="1" />
				<Option object_output="obj\Debug\" />
				<Option type="1" />
				<Option compiler="gcc" />
				<Compiler>
					<Add option="-g" />
					<Add option="-DQUEX_OPTION_ASSERTS_DISABLED" />
				</Compiler>
			</Target>
			<Target title="parser release">
				<Option output="bin\Release\parser" prefix_auto="1" extension_auto="1" />
				<Option object_output="obj\Release\" />
				<Option type="1" />
				<Option compiler="gcc" />
				<Compiler>
					<Add option="-march=core2" />
					<Add option="-O2" />
					<Add option="-DQUEX_OPTION_ASSERTS_DISABLED" />
				</Compiler>
			</Target>
		</Build>
		<Compiler>
			<Add option="-Wall" />
			<Add option="-fexceptions" />
			<Add option="-DQUEX_SETTING_BUFFER_SIZE=0" />
			<Add option="-DQUEX_SETTING_BUFFER_MIN_FALLBACK_N=0" />
			<Add option="-DQUEX_TYPE_CHARACTER=char" />
			<Add option="-DQUEX_OPTION_TERMINATION_ZERO_DISABLED" />
			<Add directory="cppparser\lexer" />
		</Compiler>
		<Unit filename="cppparser\ConstExpression.cpp">
			<Option target="&lt;{~None~}&gt;" />
		</Unit>
		<Unit filename="cppparser\cchelper.h" />
		<Unit filename="cppparser\expressionevaluator.cpp" />
		<Unit filename="cppparser\expressionevaluator.h" />
		<Unit filename="cppparser\lexer\tiny_lexer.cpp" />
		<Unit filename="cppparser\parserthread_test.cpp" />
		<Unit filename="cppparser\parserthread_test.h" />
		<Unit filename="cppparser\preprocessor.cpp" />
		<Unit filename="cppparser\preprocessor.h" />
		<Unit filename="cppparser\searchtree.cpp" />
		<Unit filename="cppparser\searchtree.h" />
		<Unit filename="cppparser\statementsolver.cpp" />
		<Unit filename="cppparser\statementsolver.h" />
		<Unit filename="cppparser\symbol.cpp" />
		<Unit filename="cppparser\symbol.h" />
		<Unit filename="cppparser\tokenizer.cpp" />
		<Unit filename="cppparser\tokenizer.h" />
		<Extensions>
			<code_completion />
			<envvars />
			<debugger />
			<lib_finder disable_auto="1" />
			<DoxyBlocks>
				<comment_style block="0" line="0" />
				<doxyfile_project />
				<doxyfile_build />
				<doxyfile_warnings />
				<doxyfile_output />
				<doxyfile_dot />
				<general />
			</DoxyBlocks>
			<wxsmith version="1">
				<gui name="wxWidgets" src="app.cpp" main="-- None --" init_handlers="necessary" language="CPP">
					<load_resource file="resource.rc" />
				</gui>
			</wxsmith>
		</Extensions>
	</Project>
</CodeBlocks_project_file>
